
Microsoft Visual Studio Solution File, Format Version 12.00
# Visual Studio Version 17
VisualStudioVersion = 17.4.33103.184
MinimumVisualStudioVersion = 10.0.40219.1
Project("{FAE04EC0-301F-11D3-BF4B-00C04F79EFBC}") = "oop4", "oop4\oop4.csproj", "{6FBAE5FF-4382-4A28-AE4B-DBF55570E00E}"
EndProject
Global
	GlobalSection(SolutionConfigurationPlatforms) = preSolution
		Debug|Any CPU = Debug|Any CPU
		Release|Any CPU = Release|Any CPU
	EndGlobalSection
	GlobalSection(ProjectConfigurationPlatforms) = postSolution
		{6FBAE5FF-4382-4A28-AE4B-DBF55570E00E}.Debug|Any CPU.ActiveCfg = Debug|Any CPU
		{6FBAE5FF-4382-4A28-AE4B-DBF55570E00E}.Debug|Any CPU.Build.0 = Debug|Any CPU
		{6FBAE5FF-4382-4A28-AE4B-DBF55570E00E}.Release|Any CPU.ActiveCfg = Release|Any CPU
		{6FBAE5FF-4382-4A28-AE4B-DBF55570E00E}.Release|Any CPU.Build.0 = Release|Any CPU
	EndGlobalSection
	GlobalSection(SolutionProperties) = preSolution
		HideSolutionNode = FALSE
	EndGlobalSection
	GlobalSection(ExtensibilityGlobals) = postSolution
		SolutionGuid = {BEFE3D06-8B89-4A53-A5FE-0D8973AB311C}
	EndGlobalSection
EndGlobal
